version = 1
requires-python = ">=3.12"

[[package]]
name = "cars"
version = "0.1.0"
source = { editable = "." }
dependencies = [
    { name = "eventsourcing" },
]

[package.metadata]
requires-dist = [{ name = "eventsourcing", specifier = ">=9.3.5" }]

[[package]]
name = "eventsourcing"
version = "9.3.5"
source = { registry = "https://pypi.org/simple" }
dependencies = [
    { name = "typing-extensions" },
]
sdist = { url = "https://files.pythonhosted.org/packages/41/4f/ea439503e7c68edd703b1d22667f0c2cfa4c16b2d59e54d590025b38b863/eventsourcing-9.3.5.tar.gz", hash = "sha256:30ba7cc28c409abff0005967e9053f2f81334acb796793806444ed081f95a4f6", size = 69955 }
wheels = [
    { url = "https://files.pythonhosted.org/packages/d1/64/76830243518339da01d631acad42b800b0999925905ceb888af747dd458f/eventsourcing-9.3.5-py3-none-any.whl", hash = "sha256:7debbf1fbf5381cd3b072356a00fd21d6bd29ccf526412e3ca061cfe3068a92b", size = 73970 },
]

[[package]]
name = "typing-extensions"
version = "4.12.2"
source = { registry = "https://pypi.org/simple" }
sdist = { url = "https://files.pythonhosted.org/packages/df/db/f35a00659bc03fec321ba8bce9420de607a1d37f8342eee1863174c69557/typing_extensions-4.12.2.tar.gz", hash = "sha256:1a7ead55c7e559dd4dee8856e3a88b41225abfe1ce8df57b7c13915fe121ffb8", size = 85321 }
wheels = [
    { url = "https://files.pythonhosted.org/packages/26/9f/ad63fc0248c5379346306f8668cda6e2e2e9c95e01216d2b8ffd9ff037d0/typing_extensions-4.12.2-py3-none-any.whl", hash = "sha256:04e5ca0351e0f3f85c6853954072df659d0d13fac324d0072316b67d7794700d", size = 37438 },
]
